// !$*UTF8*$!
{
	archiveVersion = 1;
	classes = {
	};
	objectVersion = 56;
	objects = {

/* Begin PBXBuildFile section */
		B025FCAE29A80643006EFB81 /* ColorExt.swift in Sources */ = {isa = PBXBuildFile; fileRef = B025FCAD29A80643006EFB81 /* ColorExt.swift */; };
		B025FCB229A809BC006EFB81 /* LUListView.swift in Sources */ = {isa = PBXBuildFile; fileRef = B025FCB129A809BC006EFB81 /* LUListView.swift */; };
		B025FCB529A80A05006EFB81 /* LUItem.swift in Sources */ = {isa = PBXBuildFile; fileRef = B025FCB429A80A05006EFB81 /* LUItem.swift */; };
		B0660CF729A88E8300DCFA12 /* LUAddView.swift in Sources */ = {isa = PBXBuildFile; fileRef = B0660CF629A88E8200DCFA12 /* LUAddView.swift */; };
		B0660CF929A8910100DCFA12 /* ViewExt.swift in Sources */ = {isa = PBXBuildFile; fileRef = B0660CF829A8910100DCFA12 /* ViewExt.swift */; };
		B0660CFF29A8E5E200DCFA12 /* DayOfTheWeek.swift in Sources */ = {isa = PBXBuildFile; fileRef = B0660CFE29A8E5E200DCFA12 /* DayOfTheWeek.swift */; };
		B0660D0129A8E66E00DCFA12 /* DateExt.swift in Sources */ = {isa = PBXBuildFile; fileRef = B0660D0029A8E66E00DCFA12 /* DateExt.swift */; };
		B0660D0329A8F5B100DCFA12 /* LULabelPicker.swift in Sources */ = {isa = PBXBuildFile; fileRef = B0660D0229A8F5B100DCFA12 /* LULabelPicker.swift */; };
		B0A40DE82A174D510013B4E1 /* LUCalendarView.swift in Sources */ = {isa = PBXBuildFile; fileRef = B0A40DE72A174D510013B4E1 /* LUCalendarView.swift */; };
		B0A40DEA2A174D7C0013B4E1 /* Constants.swift in Sources */ = {isa = PBXBuildFile; fileRef = B0A40DE92A174D7C0013B4E1 /* Constants.swift */; };
		B0A40DEC2A174EC10013B4E1 /* LURowView.swift in Sources */ = {isa = PBXBuildFile; fileRef = B0A40DEB2A174EC10013B4E1 /* LURowView.swift */; };
		B0FA1DF129A802BB00AA44ED /* LineUpApp.swift in Sources */ = {isa = PBXBuildFile; fileRef = B0FA1DF029A802BB00AA44ED /* LineUpApp.swift */; };
		B0FA1DF329A802BB00AA44ED /* ContentView.swift in Sources */ = {isa = PBXBuildFile; fileRef = B0FA1DF229A802BB00AA44ED /* ContentView.swift */; };
		B0FA1DF529A802BC00AA44ED /* Assets.xcassets in Resources */ = {isa = PBXBuildFile; fileRef = B0FA1DF429A802BC00AA44ED /* Assets.xcassets */; };
		B0FA1DF829A802BC00AA44ED /* Preview Assets.xcassets in Resources */ = {isa = PBXBuildFile; fileRef = B0FA1DF729A802BC00AA44ED /* Preview Assets.xcassets */; };
		B0FA1E0329A8038E00AA44ED /* LUTabView.swift in Sources */ = {isa = PBXBuildFile; fileRef = B0FA1E0229A8038E00AA44ED /* LUTabView.swift */; };
/* End PBXBuildFile section */

/* Begin PBXFileReference section */
		B025FCAD29A80643006EFB81 /* ColorExt.swift */ = {isa = PBXFileReference; lastKnownFileType = sourcecode.swift; path = ColorExt.swift; sourceTree = "<group>"; };
		B025FCB129A809BC006EFB81 /* LUListView.swift */ = {isa = PBXFileReference; lastKnownFileType = sourcecode.swift; path = LUListView.swift; sourceTree = "<group>"; };
		B025FCB429A80A05006EFB81 /* LUItem.swift */ = {isa = PBXFileReference; lastKnownFileType = sourcecode.swift; path = LUItem.swift; sourceTree = "<group>"; };
		B0660CF629A88E8200DCFA12 /* LUAddView.swift */ = {isa = PBXFileReference; lastKnownFileType = sourcecode.swift; path = LUAddView.swift; sourceTree = "<group>"; };
		B0660CF829A8910100DCFA12 /* ViewExt.swift */ = {isa = PBXFileReference; lastKnownFileType = sourcecode.swift; path = ViewExt.swift; sourceTree = "<group>"; };
		B0660CFE29A8E5E200DCFA12 /* DayOfTheWeek.swift */ = {isa = PBXFileReference; lastKnownFileType = sourcecode.swift; path = DayOfTheWeek.swift; sourceTree = "<group>"; };
		B0660D0029A8E66E00DCFA12 /* DateExt.swift */ = {isa = PBXFileReference; lastKnownFileType = sourcecode.swift; path = DateExt.swift; sourceTree = "<group>"; };
		B0660D0229A8F5B100DCFA12 /* LULabelPicker.swift */ = {isa = PBXFileReference; lastKnownFileType = sourcecode.swift; path = LULabelPicker.swift; sourceTree = "<group>"; };
		B0A40DE72A174D510013B4E1 /* LUCalendarView.swift */ = {isa = PBXFileReference; lastKnownFileType = sourcecode.swift; path = LUCalendarView.swift; sourceTree = "<group>"; };
		B0A40DE92A174D7C0013B4E1 /* Constants.swift */ = {isa = PBXFileReference; lastKnownFileType = sourcecode.swift; path = Constants.swift; sourceTree = "<group>"; };
		B0A40DEB2A174EC10013B4E1 /* LURowView.swift */ = {isa = PBXFileReference; lastKnownFileType = sourcecode.swift; path = LURowView.swift; sourceTree = "<group>"; };
		B0FA1DED29A802BB00AA44ED /* LineUp.app */ = {isa = PBXFileReference; explicitFileType = wrapper.application; includeInIndex = 0; path = LineUp.app; sourceTree = BUILT_PRODUCTS_DIR; };
		B0FA1DF029A802BB00AA44ED /* LineUpApp.swift */ = {isa = PBXFileReference; lastKnownFileType = sourcecode.swift; path = LineUpApp.swift; sourceTree = "<group>"; };
		B0FA1DF229A802BB00AA44ED /* ContentView.swift */ = {isa = PBXFileReference; lastKnownFileType = sourcecode.swift; path = ContentView.swift; sourceTree = "<group>"; };
		B0FA1DF429A802BC00AA44ED /* Assets.xcassets */ = {isa = PBXFileReference; lastKnownFileType = folder.assetcatalog; path = Assets.xcassets; sourceTree = "<group>"; };
		B0FA1DF729A802BC00AA44ED /* Preview Assets.xcassets */ = {isa = PBXFileReference; lastKnownFileType = folder.assetcatalog; path = "Preview Assets.xcassets"; sourceTree = "<group>"; };
		B0FA1DFE29A802C400AA44ED /* README.md */ = {isa = PBXFileReference; lastKnownFileType = net.daringfireball.markdown; path = README.md; sourceTree = "<group>"; };
		B0FA1DFF29A802F300AA44ED /* .gitignore */ = {isa = PBXFileReference; lastKnownFileType = text; path = .gitignore; sourceTree = "<group>"; };
		B0FA1E0029A8036400AA44ED /* LineUp.entitlements */ = {isa = PBXFileReference; lastKnownFileType = text.plist.entitlements; path = LineUp.entitlements; sourceTree = "<group>"; };
		B0FA1E0229A8038E00AA44ED /* LUTabView.swift */ = {isa = PBXFileReference; lastKnownFileType = sourcecode.swift; path = LUTabView.swift; sourceTree = "<group>"; };
/* End PBXFileReference section */

/* Begin PBXFrameworksBuildPhase section */
		B0FA1DEA29A802BB00AA44ED /* Frameworks */ = {
			isa = PBXFrameworksBuildPhase;
			buildActionMask = 2147483647;
			files = (
			);
			runOnlyForDeploymentPostprocessing = 0;
		};
/* End PBXFrameworksBuildPhase section */

/* Begin PBXGroup section */
		B025FCAC29A80637006EFB81 /* Extensions */ = {
			isa = PBXGroup;
			children = (
				B025FCAD29A80643006EFB81 /* ColorExt.swift */,
				B0660D0029A8E66E00DCFA12 /* DateExt.swift */,
				B0660CF829A8910100DCFA12 /* ViewExt.swift */,
			);
			path = Extensions;
			sourceTree = "<group>";
		};
		B025FCB329A809F1006EFB81 /* Models */ = {
			isa = PBXGroup;
			children = (
				B025FCB429A80A05006EFB81 /* LUItem.swift */,
				B0660CFE29A8E5E200DCFA12 /* DayOfTheWeek.swift */,
			);
			path = Models;
			sourceTree = "<group>";
		};
		B0660D0429A8F6E800DCFA12 /* LUList */ = {
			isa = PBXGroup;
			children = (
				B025FCB129A809BC006EFB81 /* LUListView.swift */,
				B0A40DEB2A174EC10013B4E1 /* LURowView.swift */,
				B0660CF629A88E8200DCFA12 /* LUAddView.swift */,
				B0660D0229A8F5B100DCFA12 /* LULabelPicker.swift */,
			);
			path = LUList;
			sourceTree = "<group>";
		};
		B0A40DE62A174D400013B4E1 /* LUCalendar */ = {
			isa = PBXGroup;
			children = (
				B0A40DE72A174D510013B4E1 /* LUCalendarView.swift */,
			);
			path = LUCalendar;
			sourceTree = "<group>";
		};
		B0FA1DE429A802BB00AA44ED = {
			isa = PBXGroup;
			children = (
				B0FA1DFE29A802C400AA44ED /* README.md */,
				B0FA1DFF29A802F300AA44ED /* .gitignore */,
				B0FA1DEF29A802BB00AA44ED /* LineUp */,
				B0FA1DEE29A802BB00AA44ED /* Products */,
			);
			sourceTree = "<group>";
		};
		B0FA1DEE29A802BB00AA44ED /* Products */ = {
			isa = PBXGroup;
			children = (
				B0FA1DED29A802BB00AA44ED /* LineUp.app */,
			);
			name = Products;
			sourceTree = "<group>";
		};
		B0FA1DEF29A802BB00AA44ED /* LineUp */ = {
			isa = PBXGroup;
			children = (
				B0FA1E0029A8036400AA44ED /* LineUp.entitlements */,
				B0FA1DF029A802BB00AA44ED /* LineUpApp.swift */,
				B0FA1DF229A802BB00AA44ED /* ContentView.swift */,
				B0A40DE92A174D7C0013B4E1 /* Constants.swift */,
				B025FCB329A809F1006EFB81 /* Models */,
				B025FCAC29A80637006EFB81 /* Extensions */,
				B0FA1E0129A8038300AA44ED /* Views */,
				B0FA1DF429A802BC00AA44ED /* Assets.xcassets */,
				B0FA1DF629A802BC00AA44ED /* Preview Content */,
			);
			path = LineUp;
			sourceTree = "<group>";
		};
		B0FA1DF629A802BC00AA44ED /* Preview Content */ = {
			isa = PBXGroup;
			children = (
				B0FA1DF729A802BC00AA44ED /* Preview Assets.xcassets */,
			);
			path = "Preview Content";
			sourceTree = "<group>";
		};
		B0FA1E0129A8038300AA44ED /* Views */ = {
			isa = PBXGroup;
			children = (
				B0FA1E0229A8038E00AA44ED /* LUTabView.swift */,
				B0A40DE62A174D400013B4E1 /* LUCalendar */,
				B0660D0429A8F6E800DCFA12 /* LUList */,
			);
			path = Views;
			sourceTree = "<group>";
		};
/* End PBXGroup section */

/* Begin PBXNativeTarget section */
		B0FA1DEC29A802BB00AA44ED /* LineUp */ = {
			isa = PBXNativeTarget;
			buildConfigurationList = B0FA1DFB29A802BC00AA44ED /* Build configuration list for PBXNativeTarget "LineUp" */;
			buildPhases = (
				B0FA1DE929A802BB00AA44ED /* Sources */,
				B0FA1DEA29A802BB00AA44ED /* Frameworks */,
				B0FA1DEB29A802BB00AA44ED /* Resources */,
			);
			buildRules = (
			);
			dependencies = (
			);
			name = LineUp;
			productName = LineUp;
			productReference = B0FA1DED29A802BB00AA44ED /* LineUp.app */;
			productType = "com.apple.product-type.application";
		};
/* End PBXNativeTarget section */

/* Begin PBXProject section */
		B0FA1DE529A802BB00AA44ED /* Project object */ = {
			isa = PBXProject;
			attributes = {
				BuildIndependentTargetsInParallel = 1;
				LastSwiftUpdateCheck = 1420;
				LastUpgradeCheck = 1420;
				TargetAttributes = {
					B0FA1DEC29A802BB00AA44ED = {
						CreatedOnToolsVersion = 14.2;
					};
				};
			};
			buildConfigurationList = B0FA1DE829A802BB00AA44ED /* Build configuration list for PBXProject "LineUp" */;
			compatibilityVersion = "Xcode 14.0";
			developmentRegion = en;
			hasScannedForEncodings = 0;
			knownRegions = (
				en,
				Base,
			);
			mainGroup = B0FA1DE429A802BB00AA44ED;
			productRefGroup = B0FA1DEE29A802BB00AA44ED /* Products */;
			projectDirPath = "";
			projectRoot = "";
			targets = (
				B0FA1DEC29A802BB00AA44ED /* LineUp */,
			);
		};
/* End PBXProject section */

/* Begin PBXResourcesBuildPhase section */
		B0FA1DEB29A802BB00AA44ED /* Resources */ = {
			isa = PBXResourcesBuildPhase;
			buildActionMask = 2147483647;
			files = (
				B0FA1DF829A802BC00AA44ED /* Preview Assets.xcassets in Resources */,
				B0FA1DF529A802BC00AA44ED /* Assets.xcassets in Resources */,
			);
			runOnlyForDeploymentPostprocessing = 0;
		};
/* End PBXResourcesBuildPhase section */

/* Begin PBXSourcesBuildPhase section */
		B0FA1DE929A802BB00AA44ED /* Sources */ = {
			isa = PBXSourcesBuildPhase;
			buildActionMask = 2147483647;
			files = (
				B0FA1E0329A8038E00AA44ED /* LUTabView.swift in Sources */,
				B025FCB229A809BC006EFB81 /* LUListView.swift in Sources */,
				B025FCAE29A80643006EFB81 /* ColorExt.swift in Sources */,
				B0660CF729A88E8300DCFA12 /* LUAddView.swift in Sources */,
				B0A40DEC2A174EC10013B4E1 /* LURowView.swift in Sources */,
				B0660CF929A8910100DCFA12 /* ViewExt.swift in Sources */,
				B0A40DE82A174D510013B4E1 /* LUCalendarView.swift in Sources */,
				B0FA1DF329A802BB00AA44ED /* ContentView.swift in Sources */,
				B0A40DEA2A174D7C0013B4E1 /* Constants.swift in Sources */,
				B0FA1DF129A802BB00AA44ED /* LineUpApp.swift in Sources */,
				B0660D0129A8E66E00DCFA12 /* DateExt.swift in Sources */,
				B0660D0329A8F5B100DCFA12 /* LULabelPicker.swift in Sources */,
				B025FCB529A80A05006EFB81 /* LUItem.swift in Sources */,
				B0660CFF29A8E5E200DCFA12 /* DayOfTheWeek.swift in Sources */,
			);
			runOnlyForDeploymentPostprocessing = 0;
		};
/* End PBXSourcesBuildPhase section */

/* Begin XCBuildConfiguration section */
		B0FA1DF929A802BC00AA44ED /* Debug */ = {
			isa = XCBuildConfiguration;
			buildSettings = {
				ALWAYS_SEARCH_USER_PATHS = NO;
				CLANG_ANALYZER_NONNULL = YES;
				CLANG_ANALYZER_NUMBER_OBJECT_CONVERSION = YES_AGGRESSIVE;
				CLANG_CXX_LANGUAGE_STANDARD = "gnu++20";
				CLANG_ENABLE_MODULES = YES;
				CLANG_ENABLE_OBJC_ARC = YES;
				CLANG_ENABLE_OBJC_WEAK = YES;
				CLANG_WARN_BLOCK_CAPTURE_AUTORELEASING = YES;
				CLANG_WARN_BOOL_CONVERSION = YES;
				CLANG_WARN_COMMA = YES;
				CLANG_WARN_CONSTANT_CONVERSION = YES;
				CLANG_WARN_DEPRECATED_OBJC_IMPLEMENTATIONS = YES;
				CLANG_WARN_DIRECT_OBJC_ISA_USAGE = YES_ERROR;
				CLANG_WARN_DOCUMENTATION_COMMENTS = YES;
				CLANG_WARN_EMPTY_BODY = YES;
				CLANG_WARN_ENUM_CONVERSION = YES;
				CLANG_WARN_INFINITE_RECURSION = YES;
				CLANG_WARN_INT_CONVERSION = YES;
				CLANG_WARN_NON_LITERAL_NULL_CONVERSION = YES;
				CLANG_WARN_OBJC_IMPLICIT_RETAIN_SELF = YES;
				CLANG_WARN_OBJC_LITERAL_CONVERSION = YES;
				CLANG_WARN_OBJC_ROOT_CLASS = YES_ERROR;
				CLANG_WARN_QUOTED_INCLUDE_IN_FRAMEWORK_HEADER = YES;
				CLANG_WARN_RANGE_LOOP_ANALYSIS = YES;
				CLANG_WARN_STRICT_PROTOTYPES = YES;
				CLANG_WARN_SUSPICIOUS_MOVE = YES;
				CLANG_WARN_UNGUARDED_AVAILABILITY = YES_AGGRESSIVE;
				CLANG_WARN_UNREACHABLE_CODE = YES;
				CLANG_WARN__DUPLICATE_METHOD_MATCH = YES;
				COPY_PHASE_STRIP = NO;
				DEBUG_INFORMATION_FORMAT = dwarf;
				ENABLE_STRICT_OBJC_MSGSEND = YES;
				ENABLE_TESTABILITY = YES;
				GCC_C_LANGUAGE_STANDARD = gnu11;
				GCC_DYNAMIC_NO_PIC = NO;
				GCC_NO_COMMON_BLOCKS = YES;
				GCC_OPTIMIZATION_LEVEL = 0;
				GCC_PREPROCESSOR_DEFINITIONS = (
					"DEBUG=1",
					"$(inherited)",
				);
				GCC_WARN_64_TO_32_BIT_CONVERSION = YES;
				GCC_WARN_ABOUT_RETURN_TYPE = YES_ERROR;
				GCC_WARN_UNDECLARED_SELECTOR = YES;
				GCC_WARN_UNINITIALIZED_AUTOS = YES_AGGRESSIVE;
				GCC_WARN_UNUSED_FUNCTION = YES;
				GCC_WARN_UNUSED_VARIABLE = YES;
				IPHONEOS_DEPLOYMENT_TARGET = 16.2;
				MTL_ENABLE_DEBUG_INFO = INCLUDE_SOURCE;
				MTL_FAST_MATH = YES;
				ONLY_ACTIVE_ARCH = YES;
				SDKROOT = iphoneos;
				SWIFT_ACTIVE_COMPILATION_CONDITIONS = DEBUG;
				SWIFT_OPTIMIZATION_LEVEL = "-Onone";
			};
			name = Debug;
		};
		B0FA1DFA29A802BC00AA44ED /* Release */ = {
			isa = XCBuildConfiguration;
			buildSettings = {
				ALWAYS_SEARCH_USER_PATHS = NO;
				CLANG_ANALYZER_NONNULL = YES;
				CLANG_ANALYZER_NUMBER_OBJECT_CONVERSION = YES_AGGRESSIVE;
				CLANG_CXX_LANGUAGE_STANDARD = "gnu++20";
				CLANG_ENABLE_MODULES = YES;
				CLANG_ENABLE_OBJC_ARC = YES;
				CLANG_ENABLE_OBJC_WEAK = YES;
				CLANG_WARN_BLOCK_CAPTURE_AUTORELEASING = YES;
				CLANG_WARN_BOOL_CONVERSION = YES;
				CLANG_WARN_COMMA = YES;
				CLANG_WARN_CONSTANT_CONVERSION = YES;
				CLANG_WARN_DEPRECATED_OBJC_IMPLEMENTATIONS = YES;
				CLANG_WARN_DIRECT_OBJC_ISA_USAGE = YES_ERROR;
				CLANG_WARN_DOCUMENTATION_COMMENTS = YES;
				CLANG_WARN_EMPTY_BODY = YES;
				CLANG_WARN_ENUM_CONVERSION = YES;
				CLANG_WARN_INFINITE_RECURSION = YES;
				CLANG_WARN_INT_CONVERSION = YES;
				CLANG_WARN_NON_LITERAL_NULL_CONVERSION = YES;
				CLANG_WARN_OBJC_IMPLICIT_RETAIN_SELF = YES;
				CLANG_WARN_OBJC_LITERAL_CONVERSION = YES;
				CLANG_WARN_OBJC_ROOT_CLASS = YES_ERROR;
				CLANG_WARN_QUOTED_INCLUDE_IN_FRAMEWORK_HEADER = YES;
				CLANG_WARN_RANGE_LOOP_ANALYSIS = YES;
				CLANG_WARN_STRICT_PROTOTYPES = YES;
				CLANG_WARN_SUSPICIOUS_MOVE = YES;
				CLANG_WARN_UNGUARDED_AVAILABILITY = YES_AGGRESSIVE;
				CLANG_WARN_UNREACHABLE_CODE = YES;
				CLANG_WARN__DUPLICATE_METHOD_MATCH = YES;
				COPY_PHASE_STRIP = NO;
				DEBUG_INFORMATION_FORMAT = "dwarf-with-dsym";
				ENABLE_NS_ASSERTIONS = NO;
				ENABLE_STRICT_OBJC_MSGSEND = YES;
				GCC_C_LANGUAGE_STANDARD = gnu11;
				GCC_NO_COMMON_BLOCKS = YES;
				GCC_WARN_64_TO_32_BIT_CONVERSION = YES;
				GCC_WARN_ABOUT_RETURN_TYPE = YES_ERROR;
				GCC_WARN_UNDECLARED_SELECTOR = YES;
				GCC_WARN_UNINITIALIZED_AUTOS = YES_AGGRESSIVE;
				GCC_WARN_UNUSED_FUNCTION = YES;
				GCC_WARN_UNUSED_VARIABLE = YES;
				IPHONEOS_DEPLOYMENT_TARGET = 16.2;
				MTL_ENABLE_DEBUG_INFO = NO;
				MTL_FAST_MATH = YES;
				SDKROOT = iphoneos;
				SWIFT_COMPILATION_MODE = wholemodule;
				SWIFT_OPTIMIZATION_LEVEL = "-O";
				VALIDATE_PRODUCT = YES;
			};
			name = Release;
		};
		B0FA1DFC29A802BC00AA44ED /* Debug */ = {
			isa = XCBuildConfiguration;
			buildSettings = {
				ASSETCATALOG_COMPILER_APPICON_NAME = AppIcon;
				ASSETCATALOG_COMPILER_GLOBAL_ACCENT_COLOR_NAME = AccentColor;
				CODE_SIGN_ENTITLEMENTS = LineUp/LineUp.entitlements;
				CODE_SIGN_STYLE = Automatic;
				CURRENT_PROJECT_VERSION = 1;
				DEVELOPMENT_ASSET_PATHS = "\"LineUp/Preview Content\"";
				DEVELOPMENT_TEAM = YQD5MQWX93;
				ENABLE_PREVIEWS = YES;
				GENERATE_INFOPLIST_FILE = YES;
				INFOPLIST_KEY_UIApplicationSceneManifest_Generation = YES;
				INFOPLIST_KEY_UIApplicationSupportsIndirectInputEvents = YES;
				INFOPLIST_KEY_UILaunchScreen_Generation = YES;
				INFOPLIST_KEY_UISupportedInterfaceOrientations_iPad = "UIInterfaceOrientationPortrait UIInterfaceOrientationPortraitUpsideDown UIInterfaceOrientationLandscapeLeft UIInterfaceOrientationLandscapeRight";
				INFOPLIST_KEY_UISupportedInterfaceOrientations_iPhone = "UIInterfaceOrientationPortrait UIInterfaceOrientationLandscapeLeft UIInterfaceOrientationLandscapeRight";
				LD_RUNPATH_SEARCH_PATHS = (
					"$(inherited)",
					"@executable_path/Frameworks",
				);
				MARKETING_VERSION = 1.0;
				PRODUCT_BUNDLE_IDENTIFIER = com.KwikBianDhoan.LineUp;
				PRODUCT_NAME = "$(TARGET_NAME)";
				SWIFT_EMIT_LOC_STRINGS = YES;
				SWIFT_VERSION = 5.0;
				TARGETED_DEVICE_FAMILY = "1,2";
			};
			name = Debug;
		};
		B0FA1DFD29A802BC00AA44ED /* Release */ = {
			isa = XCBuildConfiguration;
			buildSettings = {
				ASSETCATALOG_COMPILER_APPICON_NAME = AppIcon;
				ASSETCATALOG_COMPILER_GLOBAL_ACCENT_COLOR_NAME = AccentColor;
				CODE_SIGN_ENTITLEMENTS = LineUp/LineUp.entitlements;
				CODE_SIGN_STYLE = Automatic;
				CURRENT_PROJECT_VERSION = 1;
				DEVELOPMENT_ASSET_PATHS = "\"LineUp/Preview Content\"";
				DEVELOPMENT_TEAM = YQD5MQWX93;
				ENABLE_PREVIEWS = YES;
				GENERATE_INFOPLIST_FILE = YES;
				INFOPLIST_KEY_UIApplicationSceneManifest_Generation = YES;
				INFOPLIST_KEY_UIApplicationSupportsIndirectInputEvents = YES;
				INFOPLIST_KEY_UILaunchScreen_Generation = YES;
				INFOPLIST_KEY_UISupportedInterfaceOrientations_iPad = "UIInterfaceOrientationPortrait UIInterfaceOrientationPortraitUpsideDown UIInterfaceOrientationLandscapeLeft UIInterfaceOrientationLandscapeRight";
				INFOPLIST_KEY_UISupportedInterfaceOrientations_iPhone = "UIInterfaceOrientationPortrait UIInterfaceOrientationLandscapeLeft UIInterfaceOrientationLandscapeRight";
				LD_RUNPATH_SEARCH_PATHS = (
					"$(inherited)",
					"@executable_path/Frameworks",
				);
				MARKETING_VERSION = 1.0;
				PRODUCT_BUNDLE_IDENTIFIER = com.KwikBianDhoan.LineUp;
				PRODUCT_NAME = "$(TARGET_NAME)";
				SWIFT_EMIT_LOC_STRINGS = YES;
				SWIFT_VERSION = 5.0;
				TARGETED_DEVICE_FAMILY = "1,2";
			};
			name = Release;
		};
/* End XCBuildConfiguration section */

/* Begin XCConfigurationList section */
		B0FA1DE829A802BB00AA44ED /* Build configuration list for PBXProject "LineUp" */ = {
			isa = XCConfigurationList;
			buildConfigurations = (
				B0FA1DF929A802BC00AA44ED /* Debug */,
				B0FA1DFA29A802BC00AA44ED /* Release */,
			);
			defaultConfigurationIsVisible = 0;
			defaultConfigurationName = Release;
		};
		B0FA1DFB29A802BC00AA44ED /* Build configuration list for PBXNativeTarget "LineUp" */ = {
			isa = XCConfigurationList;
			buildConfigurations = (
				B0FA1DFC29A802BC00AA44ED /* Debug */,
				B0FA1DFD29A802BC00AA44ED /* Release */,
			);
			defaultConfigurationIsVisible = 0;
			defaultConfigurationName = Release;
		};
/* End XCConfigurationList section */
	};
	rootObject = B0FA1DE529A802BB00AA44ED /* Project object */;
}
